
Microsoft Visual Studio Solution File, Format Version 12.00
# Visual Studio Version 17
VisualStudioVersion = 17.10.35122.118
MinimumVisualStudioVersion = 10.0.40219.1
Project("{9A19103F-16F7-4668-BE54-9A1E7A4F7556}") = "GestorCuentas.UI", "GestorCuentas.UI\GestorCuentas.UI.csproj", "{C139E668-0E9B-470C-B5CF-4D33DC4DB2FC}"
EndProject
Project("{00D1A9C2-B5F0-4AF3-8072-F6C62B433612}") = "GestorCuentas.Database", "GestorCuentas.Database\GestorCuentas.Database.sqlproj", "{30E3F0E7-01B3-4A33-BB1B-6A299C3E51A4}"
EndProject
Global
	GlobalSection(SolutionConfigurationPlatforms) = preSolution
		Debug|Any CPU = Debug|Any CPU
		Release|Any CPU = Release|Any CPU
	EndGlobalSection
	GlobalSection(ProjectConfigurationPlatforms) = postSolution
		{C139E668-0E9B-470C-B5CF-4D33DC4DB2FC}.Debug|Any CPU.ActiveCfg = Debug|Any CPU
		{C139E668-0E9B-470C-B5CF-4D33DC4DB2FC}.Release|Any CPU.ActiveCfg = Release|Any CPU
		{C139E668-0E9B-470C-B5CF-4D33DC4DB2FC}.Release|Any CPU.Build.0 = Release|Any CPU
		{30E3F0E7-01B3-4A33-BB1B-6A299C3E51A4}.Debug|Any CPU.ActiveCfg = Debug|Any CPU
		{30E3F0E7-01B3-4A33-BB1B-6A299C3E51A4}.Debug|Any CPU.Build.0 = Debug|Any CPU
		{30E3F0E7-01B3-4A33-BB1B-6A299C3E51A4}.Debug|Any CPU.Deploy.0 = Debug|Any CPU
		{30E3F0E7-01B3-4A33-BB1B-6A299C3E51A4}.Release|Any CPU.ActiveCfg = Debug|Any CPU
		{30E3F0E7-01B3-4A33-BB1B-6A299C3E51A4}.Release|Any CPU.Build.0 = Debug|Any CPU
		{30E3F0E7-01B3-4A33-BB1B-6A299C3E51A4}.Release|Any CPU.Deploy.0 = Debug|Any CPU
	EndGlobalSection
	GlobalSection(SolutionProperties) = preSolution
		HideSolutionNode = FALSE
	EndGlobalSection
	GlobalSection(ExtensibilityGlobals) = postSolution
		SolutionGuid = {95EE33D9-6CFD-490B-ACC4-3D283422046C}
	EndGlobalSection
EndGlobal
